
Microsoft Visual Studio Solution File, Format Version 12.00
# Visual Studio Version 17
VisualStudioVersion = 17.7.34221.43
MinimumVisualStudioVersion = 10.0.40219.1
Project("{FAE04EC0-301F-11D3-BF4B-00C04F79EFBC}") = "HelloWorld", "HelloWorld\HelloWorld.csproj", "{B3780B32-BDE7-4400-80CF-4E3A02644D98}"
EndProject
Global
	GlobalSection(SolutionConfigurationPlatforms) = preSolution
		Debug|Any CPU = Debug|Any CPU
		Release|Any CPU = Release|Any CPU
	EndGlobalSection
	GlobalSection(ProjectConfigurationPlatforms) = postSolution
		{B3780B32-BDE7-4400-80CF-4E3A02644D98}.Debug|Any CPU.ActiveCfg = Debug|Any CPU
		{B3780B32-BDE7-4400-80CF-4E3A02644D98}.Debug|Any CPU.Build.0 = Debug|Any CPU
		{B3780B32-BDE7-4400-80CF-4E3A02644D98}.Release|Any CPU.ActiveCfg = Release|Any CPU
		{B3780B32-BDE7-4400-80CF-4E3A02644D98}.Release|Any CPU.Build.0 = Release|Any CPU
	EndGlobalSection
	GlobalSection(SolutionProperties) = preSolution
		HideSolutionNode = FALSE
	EndGlobalSection
	GlobalSection(ExtensibilityGlobals) = postSolution
		SolutionGuid = {578092C1-1950-4E49-AE58-4A7698840C5B}
	EndGlobalSection
EndGlobal
