
Microsoft Visual Studio Solution File, Format Version 12.00
# Visual Studio Version 17
VisualStudioVersion = 17.7.34221.43
MinimumVisualStudioVersion = 10.0.40219.1
Project("{FAE04EC0-301F-11D3-BF4B-00C04F79EFBC}") = "Lesson5 - Exercise 2", "Lesson5 - Exercise 2\Lesson5 - Exercise 2.csproj", "{AA6EB26C-7BD3-4A6D-BB97-D9223185F333}"
EndProject
Global
	GlobalSection(SolutionConfigurationPlatforms) = preSolution
		Debug|Any CPU = Debug|Any CPU
		Release|Any CPU = Release|Any CPU
	EndGlobalSection
	GlobalSection(ProjectConfigurationPlatforms) = postSolution
		{AA6EB26C-7BD3-4A6D-BB97-D9223185F333}.Debug|Any CPU.ActiveCfg = Debug|Any CPU
		{AA6EB26C-7BD3-4A6D-BB97-D9223185F333}.Debug|Any CPU.Build.0 = Debug|Any CPU
		{AA6EB26C-7BD3-4A6D-BB97-D9223185F333}.Release|Any CPU.ActiveCfg = Release|Any CPU
		{AA6EB26C-7BD3-4A6D-BB97-D9223185F333}.Release|Any CPU.Build.0 = Release|Any CPU
	EndGlobalSection
	GlobalSection(SolutionProperties) = preSolution
		HideSolutionNode = FALSE
	EndGlobalSection
	GlobalSection(ExtensibilityGlobals) = postSolution
		SolutionGuid = {56E7ADBC-FBBD-47D8-84EF-55853CAC0BF5}
	EndGlobalSection
EndGlobal
